{
  "lockfile_version": "1",
  "packages": {
    "ansible@latest": {
      "last_modified": "2024-05-12T16:19:40Z",
      "resolved": "github:NixOS/nixpkgs/3281bec7174f679eabf584591e75979a258d8c40#ansible",
      "source": "devbox-search",
      "version": "2.16.5",
      "systems": {
        "aarch64-darwin": {
          "outputs": [
            {
              "name": "out",
              "path": "/nix/store/9ilv8ipmin9d25rs2lsqbjcgmmwhhgx9-python3.11-ansible-core-2.16.5",
              "default": true
            },
            {
              "name": "dist",
              "path": "/nix/store/pdrzcy02yf4yh5zxd3w5bff6mlxvb1jf-python3.11-ansible-core-2.16.5-dist"
            }
          ],
          "store_path": "/nix/store/9ilv8ipmin9d25rs2lsqbjcgmmwhhgx9-python3.11-ansible-core-2.16.5"
        },
        "aarch64-linux": {
          "outputs": [
            {
              "name": "out",
              "path": "/nix/store/l3z9rnl5fj9h0i9zlhnvgi9df4b825m4-python3.11-ansible-core-2.16.5",
              "default": true
            },
            {
              "name": "dist",
              "path": "/nix/store/4ldf820l4qjyjjg8b576813qzn4pr1l5-python3.11-ansible-core-2.16.5-dist"
            }
          ],
          "store_path": "/nix/store/l3z9rnl5fj9h0i9zlhnvgi9df4b825m4-python3.11-ansible-core-2.16.5"
        },
        "x86_64-darwin": {
          "outputs": [
            {
              "name": "out",
              "path": "/nix/store/w8h1qy7dymffkg0s0hswc3cb5fpsx6wk-python3.11-ansible-core-2.16.5",
              "default": true
            },
            {
              "name": "dist",
              "path": "/nix/store/gi4hpxmdy6yzjcckvkzi4ba4ffn92238-python3.11-ansible-core-2.16.5-dist"
            }
          ],
          "store_path": "/nix/store/w8h1qy7dymffkg0s0hswc3cb5fpsx6wk-python3.11-ansible-core-2.16.5"
        },
        "x86_64-linux": {
          "outputs": [
            {
              "name": "out",
              "path": "/nix/store/j8gg74nw5kmq76g0i8y44jg0fwgn3kb5-python3.11-ansible-core-2.16.5",
              "default": true
            },
            {
              "name": "dist",
              "path": "/nix/store/j65xxhjhas6q3dcs1g0iq38649pq7x8d-python3.11-ansible-core-2.16.5-dist"
            }
          ],
          "store_path": "/nix/store/j8gg74nw5kmq76g0i8y44jg0fwgn3kb5-python3.11-ansible-core-2.16.5"
        }
      }
    },
    "fluxcd@latest": {
      "last_modified": "2024-05-17T18:08:26Z",
      "resolved": "github:NixOS/nixpkgs/0837fbf227364d79cbae8fff2378125526905cbe#fluxcd",
      "source": "devbox-search",
      "version": "2.3.0",
      "systems": {
        "aarch64-darwin": {
          "outputs": [
            {
              "name": "out",
              "path": "/nix/store/xn4aa6ccq155snyr38nz6glxdbciibwc-fluxcd-2.3.0",
              "default": true
            }
          ],
          "store_path": "/nix/store/xn4aa6ccq155snyr38nz6glxdbciibwc-fluxcd-2.3.0"
        },
        "aarch64-linux": {
          "outputs": [
            {
              "name": "out",
              "path": "/nix/store/p0lkh0g4bz6zm7wggsycblb8ivyp1wrl-fluxcd-2.3.0",
              "default": true
            }
          ],
          "store_path": "/nix/store/p0lkh0g4bz6zm7wggsycblb8ivyp1wrl-fluxcd-2.3.0"
        },
        "x86_64-darwin": {
          "outputs": [
            {
              "name": "out",
              "path": "/nix/store/nzi3f6mqshxg3lc5wvp9f8h1cbvsqwlv-fluxcd-2.3.0",
              "default": true
            }
          ],
          "store_path": "/nix/store/nzi3f6mqshxg3lc5wvp9f8h1cbvsqwlv-fluxcd-2.3.0"
        },
        "x86_64-linux": {
          "outputs": [
            {
              "name": "out",
              "path": "/nix/store/6b15aai8498fmpxpdnypd56yfr24707j-fluxcd-2.3.0",
              "default": true
            }
          ],
          "store_path": "/nix/store/6b15aai8498fmpxpdnypd56yfr24707j-fluxcd-2.3.0"
        }
      }
    },
    "go-task@latest": {
      "last_modified": "2024-05-17T18:08:26Z",
      "resolved": "github:NixOS/nixpkgs/0837fbf227364d79cbae8fff2378125526905cbe#go-task",
      "source": "devbox-search",
      "version": "3.37.2",
      "systems": {
        "aarch64-darwin": {
          "outputs": [
            {
              "name": "out",
              "path": "/nix/store/yhc3mb45c6dy0p3714wf2c7iq8xkj5n7-go-task-3.37.2",
              "default": true
            }
          ],
          "store_path": "/nix/store/yhc3mb45c6dy0p3714wf2c7iq8xkj5n7-go-task-3.37.2"
        },
        "aarch64-linux": {
          "outputs": [
            {
              "name": "out",
              "path": "/nix/store/v2bnnv9sffmvy6i2g6frs1im3ychz055-go-task-3.37.2",
              "default": true
            }
          ],
          "store_path": "/nix/store/v2bnnv9sffmvy6i2g6frs1im3ychz055-go-task-3.37.2"
        },
        "x86_64-darwin": {
          "outputs": [
            {
              "name": "out",
              "path": "/nix/store/cmdq0pkarnvhpc0cfmq2k0nmpz8ca4ah-go-task-3.37.2",
              "default": true
            }
          ],
          "store_path": "/nix/store/cmdq0pkarnvhpc0cfmq2k0nmpz8ca4ah-go-task-3.37.2"
        },
        "x86_64-linux": {
          "outputs": [
            {
              "name": "out",
              "path": "/nix/store/qn4ib3ykjpljfl9vsaqbf32b99xjr25b-go-task-3.37.2",
              "default": true
            }
          ],
          "store_path": "/nix/store/qn4ib3ykjpljfl9vsaqbf32b99xjr25b-go-task-3.37.2"
        }
      }
    },
    "kubeconform@latest": {
      "last_modified": "2024-05-22T06:18:38Z",
      "resolved": "github:NixOS/nixpkgs/3f316d2a50699a78afe5e77ca486ad553169061e#kubeconform",
      "source": "devbox-search",
      "version": "0.6.6",
      "systems": {
        "aarch64-darwin": {
          "outputs": [
            {
              "name": "out",
              "path": "/nix/store/w7dc87xibz03s6ax708g2q1xwy55hq5m-kubeconform-0.6.6",
              "default": true
            }
          ],
          "store_path": "/nix/store/w7dc87xibz03s6ax708g2q1xwy55hq5m-kubeconform-0.6.6"
        },
        "aarch64-linux": {
          "outputs": [
            {
              "name": "out",
              "path": "/nix/store/azzxni29c33dxvdnzwm1v1rn7v2chnai-kubeconform-0.6.6",
              "default": true
            }
          ],
          "store_path": "/nix/store/azzxni29c33dxvdnzwm1v1rn7v2chnai-kubeconform-0.6.6"
        },
        "x86_64-darwin": {
          "outputs": [
            {
              "name": "out",
              "path": "/nix/store/v61b4wq0fc2jgansv296l4dd10m9s1j9-kubeconform-0.6.6",
              "default": true
            }
          ],
          "store_path": "/nix/store/v61b4wq0fc2jgansv296l4dd10m9s1j9-kubeconform-0.6.6"
        },
        "x86_64-linux": {
          "outputs": [
            {
              "name": "out",
              "path": "/nix/store/wqv89hd72ca55mkgyy6j3cqjf0vix23w-kubeconform-0.6.6",
              "default": true
            }
          ],
          "store_path": "/nix/store/wqv89hd72ca55mkgyy6j3cqjf0vix23w-kubeconform-0.6.6"
        }
      }
    },
    "packer@latest": {
      "last_modified": "2024-05-22T06:18:38Z",
      "resolved": "github:NixOS/nixpkgs/3f316d2a50699a78afe5e77ca486ad553169061e#packer",
      "source": "devbox-search",
      "version": "1.10.3",
      "systems": {
        "aarch64-darwin": {
          "outputs": [
            {
              "name": "out",
              "path": "/nix/store/5dmyqwf9nl2qfrq6k7klcfba3d5xxb86-packer-1.10.3",
              "default": true
            }
          ],
          "store_path": "/nix/store/5dmyqwf9nl2qfrq6k7klcfba3d5xxb86-packer-1.10.3"
        },
        "aarch64-linux": {
          "outputs": [
            {
              "name": "out",
              "path": "/nix/store/1bhacvppl6j84r5mv5c4f3lfs39gvanf-packer-1.10.3",
              "default": true
            }
          ],
          "store_path": "/nix/store/1bhacvppl6j84r5mv5c4f3lfs39gvanf-packer-1.10.3"
        },
        "x86_64-darwin": {
          "outputs": [
            {
              "name": "out",
              "path": "/nix/store/nk26hfbwvp8xaz0dbrlxqmm9vwqy2p0g-packer-1.10.3",
              "default": true
            }
          ],
          "store_path": "/nix/store/nk26hfbwvp8xaz0dbrlxqmm9vwqy2p0g-packer-1.10.3"
        },
        "x86_64-linux": {
          "outputs": [
            {
              "name": "out",
              "path": "/nix/store/zmbzpk1dwv73c5sl6xp3x3xbi7956hnq-packer-1.10.3",
              "default": true
            }
          ],
          "store_path": "/nix/store/zmbzpk1dwv73c5sl6xp3x3xbi7956hnq-packer-1.10.3"
        }
      }
    },
    "pre-commit@latest": {
      "last_modified": "2024-05-22T06:18:38Z",
      "resolved": "github:NixOS/nixpkgs/3f316d2a50699a78afe5e77ca486ad553169061e#pre-commit",
      "source": "devbox-search",
      "version": "3.7.1",
      "systems": {
        "aarch64-darwin": {
          "outputs": [
            {
              "name": "out",
              "path": "/nix/store/bb9bz1gxzbplw2c04vraijq9j5j4iwk4-pre-commit-3.7.1",
              "default": true
            },
            {
              "name": "dist",
              "path": "/nix/store/c8bs6ic5fwyx3h37bl2zpb34rl93q3kv-pre-commit-3.7.1-dist"
            }
          ],
          "store_path": "/nix/store/bb9bz1gxzbplw2c04vraijq9j5j4iwk4-pre-commit-3.7.1"
        },
        "aarch64-linux": {
          "outputs": [
            {
              "name": "out",
              "path": "/nix/store/wmzh4apqay06kgwwxyzqsdg3jj7mdxl6-pre-commit-3.7.1",
              "default": true
            },
            {
              "name": "dist",
              "path": "/nix/store/d11zcz7vbs8zlin5i5s2w4fv7l70vhrb-pre-commit-3.7.1-dist"
            }
          ],
          "store_path": "/nix/store/wmzh4apqay06kgwwxyzqsdg3jj7mdxl6-pre-commit-3.7.1"
        },
        "x86_64-darwin": {
          "outputs": [
            {
              "name": "out",
              "path": "/nix/store/4np2gyq9m0fsvlbxbacd1djc46hwz8jz-pre-commit-3.7.1",
              "default": true
            },
            {
              "name": "dist",
              "path": "/nix/store/9f41cnrgjzav66r5qm8ar79df9fzrbds-pre-commit-3.7.1-dist"
            }
          ],
          "store_path": "/nix/store/4np2gyq9m0fsvlbxbacd1djc46hwz8jz-pre-commit-3.7.1"
        },
        "x86_64-linux": {
          "outputs": [
            {
              "name": "out",
              "path": "/nix/store/d7micyxxm43ql4c3mvaw1w605a3s2mf5-pre-commit-3.7.1",
              "default": true
            },
            {
              "name": "dist",
              "path": "/nix/store/vkb4byg38p9gwcfcmwfgsynp4l5x58i9-pre-commit-3.7.1-dist"
            }
          ],
          "store_path": "/nix/store/d7micyxxm43ql4c3mvaw1w605a3s2mf5-pre-commit-3.7.1"
        }
      }
    },
    "terraform-docs@latest": {
      "last_modified": "2024-08-31T10:12:23Z",
      "resolved": "github:NixOS/nixpkgs/5629520edecb69630a3f4d17d3d33fc96c13f6fe#terraform-docs",
      "source": "devbox-search",
      "version": "0.18.0",
      "systems": {
        "aarch64-darwin": {
          "outputs": [
            {
              "name": "out",
              "path": "/nix/store/8vmfv7hiahn0qg08wjszqsvbpz18cv4s-terraform-docs-0.18.0",
              "default": true
            }
          ],
          "store_path": "/nix/store/8vmfv7hiahn0qg08wjszqsvbpz18cv4s-terraform-docs-0.18.0"
        },
        "aarch64-linux": {
          "outputs": [
            {
              "name": "out",
              "path": "/nix/store/lg75baf7ikd35ri4gsq27wgn5qc441fw-terraform-docs-0.18.0",
              "default": true
            }
          ],
          "store_path": "/nix/store/lg75baf7ikd35ri4gsq27wgn5qc441fw-terraform-docs-0.18.0"
        },
        "x86_64-darwin": {
          "outputs": [
            {
              "name": "out",
              "path": "/nix/store/wz057y8cyn2xcxf8i2nf8fj8bkdlpq6s-terraform-docs-0.18.0",
              "default": true
            }
          ],
          "store_path": "/nix/store/wz057y8cyn2xcxf8i2nf8fj8bkdlpq6s-terraform-docs-0.18.0"
        },
        "x86_64-linux": {
          "outputs": [
            {
              "name": "out",
              "path": "/nix/store/gjh6m8kmbqkmpznll0x3vjcihif74xsx-terraform-docs-0.18.0",
              "default": true
            }
          ],
          "store_path": "/nix/store/gjh6m8kmbqkmpznll0x3vjcihif74xsx-terraform-docs-0.18.0"
        }
      }
    },
    "terraform@1.5.7": {
      "last_modified": "2023-09-27T18:02:17Z",
      "resolved": "github:NixOS/nixpkgs/517501bcf14ae6ec47efd6a17dda0ca8e6d866f9#terraform",
      "source": "devbox-search",
      "version": "1.5.7",
      "systems": {
        "aarch64-darwin": {
          "outputs": [
            {
              "name": "out",
              "path": "/nix/store/51mys5fpkl6l6a01s787vby6hhnac5za-terraform-1.5.7",
              "default": true
            }
          ],
          "store_path": "/nix/store/51mys5fpkl6l6a01s787vby6hhnac5za-terraform-1.5.7"
        },
        "aarch64-linux": {
          "outputs": [
            {
              "name": "out",
              "path": "/nix/store/5fly2fpyjq4bz92gnnq9zqa8rff728f2-terraform-1.5.7",
              "default": true
            }
          ],
          "store_path": "/nix/store/5fly2fpyjq4bz92gnnq9zqa8rff728f2-terraform-1.5.7"
        },
        "x86_64-darwin": {
          "outputs": [
            {
              "name": "out",
              "path": "/nix/store/hny79q0iilqifjdc3fal4dxvk6vsckby-terraform-1.5.7",
              "default": true
            }
          ],
          "store_path": "/nix/store/hny79q0iilqifjdc3fal4dxvk6vsckby-terraform-1.5.7"
        },
        "x86_64-linux": {
          "outputs": [
            {
              "name": "out",
              "path": "/nix/store/p18ahqp0vj192qwghdszw7q4xxfv7m71-terraform-1.5.7",
              "default": true
            }
          ],
          "store_path": "/nix/store/p18ahqp0vj192qwghdszw7q4xxfv7m71-terraform-1.5.7"
        }
      }
    }
  }
}
